// !$*UTF8*$!
{
	archiveVersion = 1;
	classes = {
	};
	objectVersion = 46;
	objects = {

/* Begin PBXBuildFile section */
		029B39EF1702D870008EBBAD /* UIKit.framework in Frameworks */ = {isa = PBXBuildFile; fileRef = 029B39EE1702D870008EBBAD /* UIKit.framework */; };
		029B39F11702D870008EBBAD /* Foundation.framework in Frameworks */ = {isa = PBXBuildFile; fileRef = 029B39F01702D870008EBBAD /* Foundation.framework */; };
		029B39F31702D870008EBBAD /* CoreGraphics.framework in Frameworks */ = {isa = PBXBuildFile; fileRef = 029B39F21702D870008EBBAD /* CoreGraphics.framework */; };
		029B3A0D1702D870008EBBAD /* InfoPlist.strings in Resources */ = {isa = PBXBuildFile; fileRef = 029B3A0B1702D870008EBBAD /* InfoPlist.strings */; };
		029B3A0F1702D870008EBBAD /* main.m in Sources */ = {isa = PBXBuildFile; fileRef = 029B3A0E1702D870008EBBAD /* main.m */; };
		029B3A131702D870008EBBAD /* SYGAppDelegate.m in Sources */ = {isa = PBXBuildFile; fileRef = 029B3A121702D870008EBBAD /* SYGAppDelegate.m */; };
		029B3A151702D870008EBBAD /* Default.png in Resources */ = {isa = PBXBuildFile; fileRef = 029B3A141702D870008EBBAD /* Default.png */; };
		029B3A171702D870008EBBAD /* Default@2x.png in Resources */ = {isa = PBXBuildFile; fileRef = 029B3A161702D870008EBBAD /* Default@2x.png */; };
		029B3A191702D870008EBBAD /* Default-568h@2x.png in Resources */ = {isa = PBXBuildFile; fileRef = 029B3A181702D870008EBBAD /* Default-568h@2x.png */; };
		029B3A271702D979008EBBAD /* SYGViewController.m in Sources */ = {isa = PBXBuildFile; fileRef = 029B3A251702D979008EBBAD /* SYGViewController.m */; };
		029B3A281702D979008EBBAD /* SYGViewController.xib in Resources */ = {isa = PBXBuildFile; fileRef = 029B3A261702D979008EBBAD /* SYGViewController.xib */; };
		029B3A2C1702E18D008EBBAD /* SYGView2Controller.m in Sources */ = {isa = PBXBuildFile; fileRef = 029B3A2A1702E18D008EBBAD /* SYGView2Controller.m */; };
		029B3A2D1702E18D008EBBAD /* SYGView2Controller.xib in Resources */ = {isa = PBXBuildFile; fileRef = 029B3A2B1702E18D008EBBAD /* SYGView2Controller.xib */; };
/* End PBXBuildFile section */

/* Begin PBXFileReference section */
		029B39EB1702D870008EBBAD /* MoCai.app */ = {isa = PBXFileReference; explicitFileType = wrapper.application; includeInIndex = 0; path = MoCai.app; sourceTree = BUILT_PRODUCTS_DIR; };
		029B39EE1702D870008EBBAD /* UIKit.framework */ = {isa = PBXFileReference; lastKnownFileType = wrapper.framework; name = UIKit.framework; path = System/Library/Frameworks/UIKit.framework; sourceTree = SDKROOT; };
		029B39F01702D870008EBBAD /* Foundation.framework */ = {isa = PBXFileReference; lastKnownFileType = wrapper.framework; name = Foundation.framework; path = System/Library/Frameworks/Foundation.framework; sourceTree = SDKROOT; };
		029B39F21702D870008EBBAD /* CoreGraphics.framework */ = {isa = PBXFileReference; lastKnownFileType = wrapper.framework; name = CoreGraphics.framework; path = System/Library/Frameworks/CoreGraphics.framework; sourceTree = SDKROOT; };
		029B3A0A1702D870008EBBAD /* MoCai-Info.plist */ = {isa = PBXFileReference; lastKnownFileType = text.plist.xml; path = "MoCai-Info.plist"; sourceTree = "<group>"; };
		029B3A0C1702D870008EBBAD /* en */ = {isa = PBXFileReference; lastKnownFileType = text.plist.strings; name = en; path = en.lproj/InfoPlist.strings; sourceTree = "<group>"; };
		029B3A0E1702D870008EBBAD /* main.m */ = {isa = PBXFileReference; lastKnownFileType = sourcecode.c.objc; path = main.m; sourceTree = "<group>"; };
		029B3A101702D870008EBBAD /* MoCai-Prefix.pch */ = {isa = PBXFileReference; lastKnownFileType = sourcecode.c.h; path = "MoCai-Prefix.pch"; sourceTree = "<group>"; };
		029B3A111702D870008EBBAD /* SYGAppDelegate.h */ = {isa = PBXFileReference; lastKnownFileType = sourcecode.c.h; path = SYGAppDelegate.h; sourceTree = "<group>"; };
		029B3A121702D870008EBBAD /* SYGAppDelegate.m */ = {isa = PBXFileReference; lastKnownFileType = sourcecode.c.objc; path = SYGAppDelegate.m; sourceTree = "<group>"; };
		029B3A141702D870008EBBAD /* Default.png */ = {isa = PBXFileReference; lastKnownFileType = image.png; path = Default.png; sourceTree = "<group>"; };
		029B3A161702D870008EBBAD /* Default@2x.png */ = {isa = PBXFileReference; lastKnownFileType = image.png; path = "Default@2x.png"; sourceTree = "<group>"; };
		029B3A181702D870008EBBAD /* Default-568h@2x.png */ = {isa = PBXFileReference; lastKnownFileType = image.png; path = "Default-568h@2x.png"; sourceTree = "<group>"; };
		029B3A231702D939008EBBAD /* SYGConfig.h */ = {isa = PBXFileReference; lastKnownFileType = sourcecode.c.h; path = SYGConfig.h; sourceTree = "<group>"; };
		029B3A241702D979008EBBAD /* SYGViewController.h */ = {isa = PBXFileReference; fileEncoding = 4; lastKnownFileType = sourcecode.c.h; path = SYGViewController.h; sourceTree = "<group>"; };
		029B3A251702D979008EBBAD /* SYGViewController.m */ = {isa = PBXFileReference; fileEncoding = 4; lastKnownFileType = sourcecode.c.objc; path = SYGViewController.m; sourceTree = "<group>"; };
		029B3A261702D979008EBBAD /* SYGViewController.xib */ = {isa = PBXFileReference; fileEncoding = 4; lastKnownFileType = file.xib; path = SYGViewController.xib; sourceTree = "<group>"; };
		029B3A291702E18D008EBBAD /* SYGView2Controller.h */ = {isa = PBXFileReference; fileEncoding = 4; lastKnownFileType = sourcecode.c.h; path = SYGView2Controller.h; sourceTree = "<group>"; };
		029B3A2A1702E18D008EBBAD /* SYGView2Controller.m */ = {isa = PBXFileReference; fileEncoding = 4; lastKnownFileType = sourcecode.c.objc; path = SYGView2Controller.m; sourceTree = "<group>"; };
		029B3A2B1702E18D008EBBAD /* SYGView2Controller.xib */ = {isa = PBXFileReference; fileEncoding = 4; lastKnownFileType = file.xib; path = SYGView2Controller.xib; sourceTree = "<group>"; };
/* End PBXFileReference section */

/* Begin PBXFrameworksBuildPhase section */
		029B39E51702D870008EBBAD /* Frameworks */ = {
			isa = PBXFrameworksBuildPhase;
			buildActionMask = 2147483647;
			files = (
				029B39EF1702D870008EBBAD /* UIKit.framework in Frameworks */,
				029B39F11702D870008EBBAD /* Foundation.framework in Frameworks */,
				029B39F31702D870008EBBAD /* CoreGraphics.framework in Frameworks */,
			);
			runOnlyForDeploymentPostprocessing = 0;
		};
		029B39E81702D870008EBBAD /* Frameworks */ = {
			isa = PBXFrameworksBuildPhase;
			buildActionMask = 2147483647;
			files = (
			);
			runOnlyForDeploymentPostprocessing = 0;
		};
/* End PBXFrameworksBuildPhase section */

/* Begin PBXGroup section */
		029B39DF1702D870008EBBAD = {
			isa = PBXGroup;
			children = (
				029B3A081702D870008EBBAD /* MoCai */,
				029B39ED1702D870008EBBAD /* Frameworks */,
				029B39EC1702D870008EBBAD /* Products */,
			);
			sourceTree = "<group>";
		};
		029B39EC1702D870008EBBAD /* Products */ = {
			isa = PBXGroup;
			children = (
				029B39EB1702D870008EBBAD /* MoCai.app */,
			);
			name = Products;
			sourceTree = "<group>";
		};
		029B39ED1702D870008EBBAD /* Frameworks */ = {
			isa = PBXGroup;
			children = (
				029B39EE1702D870008EBBAD /* UIKit.framework */,
				029B39F01702D870008EBBAD /* Foundation.framework */,
				029B39F21702D870008EBBAD /* CoreGraphics.framework */,
			);
			name = Frameworks;
			sourceTree = "<group>";
		};
		029B3A081702D870008EBBAD /* MoCai */ = {
			isa = PBXGroup;
			children = (
				029B3A231702D939008EBBAD /* SYGConfig.h */,
				029B3A111702D870008EBBAD /* SYGAppDelegate.h */,
				029B3A121702D870008EBBAD /* SYGAppDelegate.m */,
				029B3A2F1702E395008EBBAD /* UI */,
				029B3A091702D870008EBBAD /* Supporting Files */,
			);
			path = MoCai;
			sourceTree = "<group>";
		};
		029B3A091702D870008EBBAD /* Supporting Files */ = {
			isa = PBXGroup;
			children = (
				029B3A0A1702D870008EBBAD /* MoCai-Info.plist */,
				029B3A0B1702D870008EBBAD /* InfoPlist.strings */,
				029B3A0E1702D870008EBBAD /* main.m */,
				029B3A101702D870008EBBAD /* MoCai-Prefix.pch */,
				029B3A141702D870008EBBAD /* Default.png */,
				029B3A161702D870008EBBAD /* Default@2x.png */,
				029B3A181702D870008EBBAD /* Default-568h@2x.png */,
			);
			name = "Supporting Files";
			sourceTree = "<group>";
		};
		029B3A2E1702E33C008EBBAD /* Home */ = {
			isa = PBXGroup;
			children = (
				029B3A241702D979008EBBAD /* SYGViewController.h */,
				029B3A251702D979008EBBAD /* SYGViewController.m */,
				029B3A291702E18D008EBBAD /* SYGView2Controller.h */,
				029B3A2A1702E18D008EBBAD /* SYGView2Controller.m */,
				029B3A2B1702E18D008EBBAD /* SYGView2Controller.xib */,
				029B3A261702D979008EBBAD /* SYGViewController.xib */,
			);
			name = Home;
			sourceTree = "<group>";
		};
		029B3A2F1702E395008EBBAD /* UI */ = {
			isa = PBXGroup;
			children = (
				029B3A2E1702E33C008EBBAD /* Home */,
			);
			name = UI;
			sourceTree = "<group>";
		};
/* End PBXGroup section */

/* Begin PBXNativeTarget section */
		029B39EA1702D870008EBBAD /* MoCai */ = {
			isa = PBXNativeTarget;
			buildConfigurationList = 029B3A201702D870008EBBAD /* Build configuration list for PBXNativeTarget "MoCai" */;
			buildPhases = (
				029B39E41702D870008EBBAD /* Sources */,
				029B39E51702D870008EBBAD /* Frameworks */,
				029B39E61702D870008EBBAD /* Resources */,
				029B39E71702D870008EBBAD /* Sources */,
				029B39E81702D870008EBBAD /* Frameworks */,
			);
			buildRules = (
			);
			dependencies = (
			);
			name = MoCai;
			productName = MoCai;
			productReference = 029B39EB1702D870008EBBAD /* MoCai.app */;
			productType = "com.apple.product-type.application";
		};
/* End PBXNativeTarget section */

/* Begin PBXProject section */
		029B39E01702D870008EBBAD /* Project object */ = {
			isa = PBXProject;
			attributes = {
				CLASSPREFIX = SYG;
				LastUpgradeCheck = 0460;
				ORGANIZATIONNAME = dacaiguoguo;
			};
			buildConfigurationList = 029B39E31702D870008EBBAD /* Build configuration list for PBXProject "MoCai" */;
			compatibilityVersion = "Xcode 3.2";
			developmentRegion = English;
			hasScannedForEncodings = 0;
			knownRegions = (
				en,
			);
			mainGroup = 029B39DF1702D870008EBBAD;
			productRefGroup = 029B39EC1702D870008EBBAD /* Products */;
			projectDirPath = "";
			projectRoot = "";
			targets = (
				029B39EA1702D870008EBBAD /* MoCai */,
			);
		};
/* End PBXProject section */

/* Begin PBXResourcesBuildPhase section */
		029B39E61702D870008EBBAD /* Resources */ = {
			isa = PBXResourcesBuildPhase;
			buildActionMask = 2147483647;
			files = (
				029B3A0D1702D870008EBBAD /* InfoPlist.strings in Resources */,
				029B3A151702D870008EBBAD /* Default.png in Resources */,
				029B3A171702D870008EBBAD /* Default@2x.png in Resources */,
				029B3A191702D870008EBBAD /* Default-568h@2x.png in Resources */,
				029B3A281702D979008EBBAD /* SYGViewController.xib in Resources */,
				029B3A2D1702E18D008EBBAD /* SYGView2Controller.xib in Resources */,
			);
			runOnlyForDeploymentPostprocessing = 0;
		};
/* End PBXResourcesBuildPhase section */

/* Begin PBXSourcesBuildPhase section */
		029B39E41702D870008EBBAD /* Sources */ = {
			isa = PBXSourcesBuildPhase;
			buildActionMask = 2147483647;
			files = (
				029B3A0F1702D870008EBBAD /* main.m in Sources */,
				029B3A131702D870008EBBAD /* SYGAppDelegate.m in Sources */,
				029B3A271702D979008EBBAD /* SYGViewController.m in Sources */,
				029B3A2C1702E18D008EBBAD /* SYGView2Controller.m in Sources */,
			);
			runOnlyForDeploymentPostprocessing = 0;
		};
		029B39E71702D870008EBBAD /* Sources */ = {
			isa = PBXSourcesBuildPhase;
			buildActionMask = 2147483647;
			files = (
			);
			runOnlyForDeploymentPostprocessing = 0;
		};
/* End PBXSourcesBuildPhase section */

/* Begin PBXVariantGroup section */
		029B3A0B1702D870008EBBAD /* InfoPlist.strings */ = {
			isa = PBXVariantGroup;
			children = (
				029B3A0C1702D870008EBBAD /* en */,
			);
			name = InfoPlist.strings;
			sourceTree = "<group>";
		};
/* End PBXVariantGroup section */

/* Begin XCBuildConfiguration section */
		029B3A1E1702D870008EBBAD /* Debug */ = {
			isa = XCBuildConfiguration;
			buildSettings = {
				ALWAYS_SEARCH_USER_PATHS = NO;
				CLANG_CXX_LANGUAGE_STANDARD = "gnu++0x";
				CLANG_CXX_LIBRARY = "libc++";
				CLANG_WARN_CONSTANT_CONVERSION = YES;
				CLANG_WARN_EMPTY_BODY = YES;
				CLANG_WARN_ENUM_CONVERSION = YES;
				CLANG_WARN_INT_CONVERSION = YES;
				CLANG_WARN__DUPLICATE_METHOD_MATCH = YES;
				"CODE_SIGN_IDENTITY[sdk=iphoneos*]" = "iPhone Developer";
				COPY_PHASE_STRIP = NO;
				GCC_C_LANGUAGE_STANDARD = gnu99;
				GCC_DYNAMIC_NO_PIC = NO;
				GCC_OPTIMIZATION_LEVEL = 0;
				GCC_PREPROCESSOR_DEFINITIONS = (
					"DEBUG=1",
					"$(inherited)",
				);
				GCC_SYMBOLS_PRIVATE_EXTERN = NO;
				GCC_WARN_ABOUT_RETURN_TYPE = YES;
				GCC_WARN_UNINITIALIZED_AUTOS = YES;
				GCC_WARN_UNUSED_VARIABLE = YES;
				IPHONEOS_DEPLOYMENT_TARGET = 6.1;
				ONLY_ACTIVE_ARCH = YES;
				SDKROOT = iphoneos;
			};
			name = Debug;
		};
		029B3A1F1702D870008EBBAD /* Release */ = {
			isa = XCBuildConfiguration;
			buildSettings = {
				ALWAYS_SEARCH_USER_PATHS = NO;
				CLANG_CXX_LANGUAGE_STANDARD = "gnu++0x";
				CLANG_CXX_LIBRARY = "libc++";
				CLANG_WARN_CONSTANT_CONVERSION = YES;
				CLANG_WARN_EMPTY_BODY = YES;
				CLANG_WARN_ENUM_CONVERSION = YES;
				CLANG_WARN_INT_CONVERSION = YES;
				CLANG_WARN__DUPLICATE_METHOD_MATCH = YES;
				"CODE_SIGN_IDENTITY[sdk=iphoneos*]" = "iPhone Developer";
				COPY_PHASE_STRIP = YES;
				GCC_C_LANGUAGE_STANDARD = gnu99;
				GCC_WARN_ABOUT_RETURN_TYPE = YES;
				GCC_WARN_UNINITIALIZED_AUTOS = YES;
				GCC_WARN_UNUSED_VARIABLE = YES;
				IPHONEOS_DEPLOYMENT_TARGET = 6.1;
				OTHER_CFLAGS = "-DNS_BLOCK_ASSERTIONS=1";
				SDKROOT = iphoneos;
				VALIDATE_PRODUCT = YES;
			};
			name = Release;
		};
		029B3A211702D870008EBBAD /* Debug */ = {
			isa = XCBuildConfiguration;
			buildSettings = {
				ALWAYS_SEARCH_USER_PATHS = YES;
				COPY_PHASE_STRIP = NO;
				FRAMEWORK_SEARCH_PATHS = /Users/Shared/PhoneGap/Frameworks;
				GCC_DYNAMIC_NO_PIC = NO;
				GCC_PRECOMPILE_PREFIX_HEADER = YES;
				GCC_PREFIX_HEADER = "MoCai/MoCai-Prefix.pch";
				GCC_PREPROCESSOR_DEFINITIONS = "PHONEGAP_FRAMEWORK=YES";
				INFOPLIST_FILE = "MoCai/MoCai-Info.plist";
				OTHER_LDFLAGS = (
					"-weak_framework",
					UIKit,
					"-weak_framework",
					AVFoundation,
					"-weak_framework",
					CoreMedia,
					"-weak_library",
					/usr/lib/libSystem.B.dylib,
				);
				PRODUCT_NAME = "$(TARGET_NAME)";
				TARGETED_DEVICE_FAMILY = "1,2";
				WRAPPER_EXTENSION = app;
			};
			name = Debug;
		};
		029B3A221702D870008EBBAD /* Release */ = {
			isa = XCBuildConfiguration;
			buildSettings = {
				ALWAYS_SEARCH_USER_PATHS = YES;
				COPY_PHASE_STRIP = YES;
				DEBUG_INFORMATION_FORMAT = "dwarf-with-dsym";
				FRAMEWORK_SEARCH_PATHS = /Users/Shared/PhoneGap/Frameworks;
				GCC_PRECOMPILE_PREFIX_HEADER = YES;
				GCC_PREFIX_HEADER = "MoCai/MoCai-Prefix.pch";
				GCC_PREPROCESSOR_DEFINITIONS = "PHONEGAP_FRAMEWORK=YES";
				INFOPLIST_FILE = "MoCai/MoCai-Info.plist";
				OTHER_LDFLAGS = (
					"-weak_framework",
					UIKit,
					"-weak_framework",
					AVFoundation,
					"-weak_framework",
					CoreMedia,
					"-weak_library",
					/usr/lib/libSystem.B.dylib,
				);
				PRODUCT_NAME = "$(TARGET_NAME)";
				TARGETED_DEVICE_FAMILY = "1,2";
				VALIDATE_PRODUCT = YES;
				WRAPPER_EXTENSION = app;
			};
			name = Release;
		};
/* End XCBuildConfiguration section */

/* Begin XCConfigurationList section */
		029B39E31702D870008EBBAD /* Build configuration list for PBXProject "MoCai" */ = {
			isa = XCConfigurationList;
			buildConfigurations = (
				029B3A1E1702D870008EBBAD /* Debug */,
				029B3A1F1702D870008EBBAD /* Release */,
			);
			defaultConfigurationIsVisible = 0;
			defaultConfigurationName = Release;
		};
		029B3A201702D870008EBBAD /* Build configuration list for PBXNativeTarget "MoCai" */ = {
			isa = XCConfigurationList;
			buildConfigurations = (
				029B3A211702D870008EBBAD /* Debug */,
				029B3A221702D870008EBBAD /* Release */,
			);
			defaultConfigurationIsVisible = 0;
		};
/* End XCConfigurationList section */
	};
	rootObject = 029B39E01702D870008EBBAD /* Project object */;
}
